{
  "requires": true,
  "lockfileVersion": 1,
  "dependencies": {
    "node-rest-client": {
      "version": "file:node_modules/node-rest-client",
      "integrity": "sha1-4L623aeyDMC2enhHzxLF/EGcN8M=",
      "requires": {
        "debug": "2.2.0",
        "follow-redirects": "1.2.6",
        "xml2js": "0.4.19"
      },
      "dependencies": {
        "debug": {
          "version": "2.2.0",
          "bundled": true,
          "requires": {
            "ms": "0.7.1"
          }
        },
        "follow-redirects": {
          "version": "1.2.6",
          "bundled": true,
          "requires": {
            "debug": "3.1.0"
          },
          "dependencies": {
            "debug": {
              "version": "3.1.0",
              "bundled": true,
              "requires": {
                "ms": "2.0.0"
              }
            },
            "ms": {
              "version": "2.0.0",
              "bundled": true
            }
          }
        },
        "ms": {
          "version": "0.7.1",
          "bundled": true
        },
        "sax": {
          "version": "1.2.4",
          "bundled": true
        },
        "xml2js": {
          "version": "0.4.19",
          "bundled": true,
          "requires": {
            "sax": "1.2.4",
            "xmlbuilder": "9.0.4"
          }
        },
        "xmlbuilder": {
          "version": "9.0.4",
          "bundled": true
        }
      }
    }
  }
}
